
Microsoft Visual Studio Solution File, Format Version 12.00
# Visual Studio Version 16
VisualStudioVersion = 16.0.32228.343
MinimumVisualStudioVersion = 10.0.40219.1
Project("{9A19103F-16F7-4668-BE54-9A1E7A4F7556}") = "grocery", "grocery\grocery.csproj", "{9C12794D-132C-4B03-89EA-F7871BD15E5F}"
EndProject
Project("{FAE04EC0-301F-11D3-BF4B-00C04F79EFBC}") = "grocery.test", "grocery.test\grocery.test.csproj", "{7D35CE12-AB0C-4537-819F-9064142D2614}"
EndProject
Global
	GlobalSection(SolutionConfigurationPlatforms) = preSolution
		Debug|Any CPU = Debug|Any CPU
		Release|Any CPU = Release|Any CPU
	EndGlobalSection
	GlobalSection(ProjectConfigurationPlatforms) = postSolution
		{9C12794D-132C-4B03-89EA-F7871BD15E5F}.Debug|Any CPU.ActiveCfg = Debug|Any CPU
		{9C12794D-132C-4B03-89EA-F7871BD15E5F}.Debug|Any CPU.Build.0 = Debug|Any CPU
		{9C12794D-132C-4B03-89EA-F7871BD15E5F}.Release|Any CPU.ActiveCfg = Release|Any CPU
		{9C12794D-132C-4B03-89EA-F7871BD15E5F}.Release|Any CPU.Build.0 = Release|Any CPU
		{7D35CE12-AB0C-4537-819F-9064142D2614}.Debug|Any CPU.ActiveCfg = Debug|Any CPU
		{7D35CE12-AB0C-4537-819F-9064142D2614}.Debug|Any CPU.Build.0 = Debug|Any CPU
		{7D35CE12-AB0C-4537-819F-9064142D2614}.Release|Any CPU.ActiveCfg = Release|Any CPU
		{7D35CE12-AB0C-4537-819F-9064142D2614}.Release|Any CPU.Build.0 = Release|Any CPU
	EndGlobalSection
	GlobalSection(SolutionProperties) = preSolution
		HideSolutionNode = FALSE
	EndGlobalSection
	GlobalSection(ExtensibilityGlobals) = postSolution
		SolutionGuid = {F3D2BD3D-9A68-4C76-89E1-010712CE0132}
	EndGlobalSection
EndGlobal
